// !$*UTF8*$!
{
	archiveVersion = 1;
	classes = {
	};
	objectVersion = 50;
	objects = {

/* Begin PBXBuildFile section */
		AD3EA3C824BC5CCE008BECCC /* AppDelegate.m in Sources */ = {isa = PBXBuildFile; fileRef = AD3EA3C724BC5CCE008BECCC /* AppDelegate.m */; };
		AD3EA3CB24BC5CCE008BECCC /* SceneDelegate.m in Sources */ = {isa = PBXBuildFile; fileRef = AD3EA3CA24BC5CCE008BECCC /* SceneDelegate.m */; };
		AD3EA3CE24BC5CCE008BECCC /* ViewController.m in Sources */ = {isa = PBXBuildFile; fileRef = AD3EA3CD24BC5CCE008BECCC /* ViewController.m */; };
		AD3EA3D124BC5CCE008BECCC /* Main.storyboard in Resources */ = {isa = PBXBuildFile; fileRef = AD3EA3CF24BC5CCE008BECCC /* Main.storyboard */; };
		AD3EA3D324BC5CCF008BECCC /* Assets.xcassets in Resources */ = {isa = PBXBuildFile; fileRef = AD3EA3D224BC5CCF008BECCC /* Assets.xcassets */; };
		AD3EA3D624BC5CCF008BECCC /* LaunchScreen.storyboard in Resources */ = {isa = PBXBuildFile; fileRef = AD3EA3D424BC5CCF008BECCC /* LaunchScreen.storyboard */; };
		AD3EA3D924BC5CCF008BECCC /* main.m in Sources */ = {isa = PBXBuildFile; fileRef = AD3EA3D824BC5CCF008BECCC /* main.m */; };
		AD3EA3E124BDA097008BECCC /* ZHThread.m in Sources */ = {isa = PBXBuildFile; fileRef = AD3EA3E024BDA097008BECCC /* ZHThread.m */; };
		AD3EA3E424BDA65A008BECCC /* FirstViewController.m in Sources */ = {isa = PBXBuildFile; fileRef = AD3EA3E324BDA65A008BECCC /* FirstViewController.m */; };
/* End PBXBuildFile section */

/* Begin PBXFileReference section */
		AD3EA3C324BC5CCE008BECCC /* Runloop.app */ = {isa = PBXFileReference; explicitFileType = wrapper.application; includeInIndex = 0; path = Runloop.app; sourceTree = BUILT_PRODUCTS_DIR; };
		AD3EA3C624BC5CCE008BECCC /* AppDelegate.h */ = {isa = PBXFileReference; lastKnownFileType = sourcecode.c.h; path = AppDelegate.h; sourceTree = "<group>"; };
		AD3EA3C724BC5CCE008BECCC /* AppDelegate.m */ = {isa = PBXFileReference; lastKnownFileType = sourcecode.c.objc; path = AppDelegate.m; sourceTree = "<group>"; };
		AD3EA3C924BC5CCE008BECCC /* SceneDelegate.h */ = {isa = PBXFileReference; lastKnownFileType = sourcecode.c.h; path = SceneDelegate.h; sourceTree = "<group>"; };
		AD3EA3CA24BC5CCE008BECCC /* SceneDelegate.m */ = {isa = PBXFileReference; lastKnownFileType = sourcecode.c.objc; path = SceneDelegate.m; sourceTree = "<group>"; };
		AD3EA3CC24BC5CCE008BECCC /* ViewController.h */ = {isa = PBXFileReference; lastKnownFileType = sourcecode.c.h; path = ViewController.h; sourceTree = "<group>"; };
		AD3EA3CD24BC5CCE008BECCC /* ViewController.m */ = {isa = PBXFileReference; lastKnownFileType = sourcecode.c.objc; path = ViewController.m; sourceTree = "<group>"; };
		AD3EA3D024BC5CCE008BECCC /* Base */ = {isa = PBXFileReference; lastKnownFileType = file.storyboard; name = Base; path = Base.lproj/Main.storyboard; sourceTree = "<group>"; };
		AD3EA3D224BC5CCF008BECCC /* Assets.xcassets */ = {isa = PBXFileReference; lastKnownFileType = folder.assetcatalog; path = Assets.xcassets; sourceTree = "<group>"; };
		AD3EA3D524BC5CCF008BECCC /* Base */ = {isa = PBXFileReference; lastKnownFileType = file.storyboard; name = Base; path = Base.lproj/LaunchScreen.storyboard; sourceTree = "<group>"; };
		AD3EA3D724BC5CCF008BECCC /* Info.plist */ = {isa = PBXFileReference; lastKnownFileType = text.plist.xml; path = Info.plist; sourceTree = "<group>"; };
		AD3EA3D824BC5CCF008BECCC /* main.m */ = {isa = PBXFileReference; lastKnownFileType = sourcecode.c.objc; path = main.m; sourceTree = "<group>"; };
		AD3EA3DF24BDA097008BECCC /* ZHThread.h */ = {isa = PBXFileReference; lastKnownFileType = sourcecode.c.h; path = ZHThread.h; sourceTree = "<group>"; };
		AD3EA3E024BDA097008BECCC /* ZHThread.m */ = {isa = PBXFileReference; lastKnownFileType = sourcecode.c.objc; path = ZHThread.m; sourceTree = "<group>"; };
		AD3EA3E224BDA65A008BECCC /* FirstViewController.h */ = {isa = PBXFileReference; lastKnownFileType = sourcecode.c.h; path = FirstViewController.h; sourceTree = "<group>"; };
		AD3EA3E324BDA65A008BECCC /* FirstViewController.m */ = {isa = PBXFileReference; lastKnownFileType = sourcecode.c.objc; path = FirstViewController.m; sourceTree = "<group>"; };
/* End PBXFileReference section */

/* Begin PBXFrameworksBuildPhase section */
		AD3EA3C024BC5CCE008BECCC /* Frameworks */ = {
			isa = PBXFrameworksBuildPhase;
			buildActionMask = 2147483647;
			files = (
			);
			runOnlyForDeploymentPostprocessing = 0;
		};
/* End PBXFrameworksBuildPhase section */

/* Begin PBXGroup section */
		AD3EA3BA24BC5CCE008BECCC = {
			isa = PBXGroup;
			children = (
				AD3EA3C524BC5CCE008BECCC /* Runloop */,
				AD3EA3C424BC5CCE008BECCC /* Products */,
			);
			sourceTree = "<group>";
		};
		AD3EA3C424BC5CCE008BECCC /* Products */ = {
			isa = PBXGroup;
			children = (
				AD3EA3C324BC5CCE008BECCC /* Runloop.app */,
			);
			name = Products;
			sourceTree = "<group>";
		};
		AD3EA3C524BC5CCE008BECCC /* Runloop */ = {
			isa = PBXGroup;
			children = (
				AD3EA3C624BC5CCE008BECCC /* AppDelegate.h */,
				AD3EA3C724BC5CCE008BECCC /* AppDelegate.m */,
				AD3EA3C924BC5CCE008BECCC /* SceneDelegate.h */,
				AD3EA3CA24BC5CCE008BECCC /* SceneDelegate.m */,
				AD3EA3CC24BC5CCE008BECCC /* ViewController.h */,
				AD3EA3CD24BC5CCE008BECCC /* ViewController.m */,
				AD3EA3E224BDA65A008BECCC /* FirstViewController.h */,
				AD3EA3E324BDA65A008BECCC /* FirstViewController.m */,
				AD3EA3DF24BDA097008BECCC /* ZHThread.h */,
				AD3EA3E024BDA097008BECCC /* ZHThread.m */,
				AD3EA3CF24BC5CCE008BECCC /* Main.storyboard */,
				AD3EA3D224BC5CCF008BECCC /* Assets.xcassets */,
				AD3EA3D424BC5CCF008BECCC /* LaunchScreen.storyboard */,
				AD3EA3D724BC5CCF008BECCC /* Info.plist */,
				AD3EA3D824BC5CCF008BECCC /* main.m */,
			);
			path = Runloop;
			sourceTree = "<group>";
		};
/* End PBXGroup section */

/* Begin PBXNativeTarget section */
		AD3EA3C224BC5CCE008BECCC /* Runloop */ = {
			isa = PBXNativeTarget;
			buildConfigurationList = AD3EA3DC24BC5CCF008BECCC /* Build configuration list for PBXNativeTarget "Runloop" */;
			buildPhases = (
				AD3EA3BF24BC5CCE008BECCC /* Sources */,
				AD3EA3C024BC5CCE008BECCC /* Frameworks */,
				AD3EA3C124BC5CCE008BECCC /* Resources */,
			);
			buildRules = (
			);
			dependencies = (
			);
			name = Runloop;
			productName = Runloop;
			productReference = AD3EA3C324BC5CCE008BECCC /* Runloop.app */;
			productType = "com.apple.product-type.application";
		};
/* End PBXNativeTarget section */

/* Begin PBXProject section */
		AD3EA3BB24BC5CCE008BECCC /* Project object */ = {
			isa = PBXProject;
			attributes = {
				LastUpgradeCheck = 1150;
				ORGANIZATIONNAME = zzh;
				TargetAttributes = {
					AD3EA3C224BC5CCE008BECCC = {
						CreatedOnToolsVersion = 11.5;
					};
				};
			};
			buildConfigurationList = AD3EA3BE24BC5CCE008BECCC /* Build configuration list for PBXProject "Runloop" */;
			compatibilityVersion = "Xcode 9.3";
			developmentRegion = en;
			hasScannedForEncodings = 0;
			knownRegions = (
				en,
				Base,
			);
			mainGroup = AD3EA3BA24BC5CCE008BECCC;
			productRefGroup = AD3EA3C424BC5CCE008BECCC /* Products */;
			projectDirPath = "";
			projectRoot = "";
			targets = (
				AD3EA3C224BC5CCE008BECCC /* Runloop */,
			);
		};
/* End PBXProject section */

/* Begin PBXResourcesBuildPhase section */
		AD3EA3C124BC5CCE008BECCC /* Resources */ = {
			isa = PBXResourcesBuildPhase;
			buildActionMask = 2147483647;
			files = (
				AD3EA3D624BC5CCF008BECCC /* LaunchScreen.storyboard in Resources */,
				AD3EA3D324BC5CCF008BECCC /* Assets.xcassets in Resources */,
				AD3EA3D124BC5CCE008BECCC /* Main.storyboard in Resources */,
			);
			runOnlyForDeploymentPostprocessing = 0;
		};
/* End PBXResourcesBuildPhase section */

/* Begin PBXSourcesBuildPhase section */
		AD3EA3BF24BC5CCE008BECCC /* Sources */ = {
			isa = PBXSourcesBuildPhase;
			buildActionMask = 2147483647;
			files = (
				AD3EA3CE24BC5CCE008BECCC /* ViewController.m in Sources */,
				AD3EA3E424BDA65A008BECCC /* FirstViewController.m in Sources */,
				AD3EA3C824BC5CCE008BECCC /* AppDelegate.m in Sources */,
				AD3EA3E124BDA097008BECCC /* ZHThread.m in Sources */,
				AD3EA3D924BC5CCF008BECCC /* main.m in Sources */,
				AD3EA3CB24BC5CCE008BECCC /* SceneDelegate.m in Sources */,
			);
			runOnlyForDeploymentPostprocessing = 0;
		};
/* End PBXSourcesBuildPhase section */

/* Begin PBXVariantGroup section */
		AD3EA3CF24BC5CCE008BECCC /* Main.storyboard */ = {
			isa = PBXVariantGroup;
			children = (
				AD3EA3D024BC5CCE008BECCC /* Base */,
			);
			name = Main.storyboard;
			sourceTree = "<group>";
		};
		AD3EA3D424BC5CCF008BECCC /* LaunchScreen.storyboard */ = {
			isa = PBXVariantGroup;
			children = (
				AD3EA3D524BC5CCF008BECCC /* Base */,
			);
			name = LaunchScreen.storyboard;
			sourceTree = "<group>";
		};
/* End PBXVariantGroup section */

/* Begin XCBuildConfiguration section */
		AD3EA3DA24BC5CCF008BECCC /* Debug */ = {
			isa = XCBuildConfiguration;
			buildSettings = {
				ALWAYS_SEARCH_USER_PATHS = NO;
				CLANG_ANALYZER_NONNULL = YES;
				CLANG_ANALYZER_NUMBER_OBJECT_CONVERSION = YES_AGGRESSIVE;
				CLANG_CXX_LANGUAGE_STANDARD = "gnu++14";
				CLANG_CXX_LIBRARY = "libc++";
				CLANG_ENABLE_MODULES = YES;
				CLANG_ENABLE_OBJC_ARC = YES;
				CLANG_ENABLE_OBJC_WEAK = YES;
				CLANG_WARN_BLOCK_CAPTURE_AUTORELEASING = YES;
				CLANG_WARN_BOOL_CONVERSION = YES;
				CLANG_WARN_COMMA = YES;
				CLANG_WARN_CONSTANT_CONVERSION = YES;
				CLANG_WARN_DEPRECATED_OBJC_IMPLEMENTATIONS = YES;
				CLANG_WARN_DIRECT_OBJC_ISA_USAGE = YES_ERROR;
				CLANG_WARN_DOCUMENTATION_COMMENTS = YES;
				CLANG_WARN_EMPTY_BODY = YES;
				CLANG_WARN_ENUM_CONVERSION = YES;
				CLANG_WARN_INFINITE_RECURSION = YES;
				CLANG_WARN_INT_CONVERSION = YES;
				CLANG_WARN_NON_LITERAL_NULL_CONVERSION = YES;
				CLANG_WARN_OBJC_IMPLICIT_RETAIN_SELF = YES;
				CLANG_WARN_OBJC_LITERAL_CONVERSION = YES;
				CLANG_WARN_OBJC_ROOT_CLASS = YES_ERROR;
				CLANG_WARN_RANGE_LOOP_ANALYSIS = YES;
				CLANG_WARN_STRICT_PROTOTYPES = YES;
				CLANG_WARN_SUSPICIOUS_MOVE = YES;
				CLANG_WARN_UNGUARDED_AVAILABILITY = YES_AGGRESSIVE;
				CLANG_WARN_UNREACHABLE_CODE = YES;
				CLANG_WARN__DUPLICATE_METHOD_MATCH = YES;
				COPY_PHASE_STRIP = NO;
				DEBUG_INFORMATION_FORMAT = dwarf;
				ENABLE_STRICT_OBJC_MSGSEND = YES;
				ENABLE_TESTABILITY = YES;
				GCC_C_LANGUAGE_STANDARD = gnu11;
				GCC_DYNAMIC_NO_PIC = NO;
				GCC_NO_COMMON_BLOCKS = YES;
				GCC_OPTIMIZATION_LEVEL = 0;
				GCC_PREPROCESSOR_DEFINITIONS = (
					"DEBUG=1",
					"$(inherited)",
				);
				GCC_WARN_64_TO_32_BIT_CONVERSION = YES;
				GCC_WARN_ABOUT_RETURN_TYPE = YES_ERROR;
				GCC_WARN_UNDECLARED_SELECTOR = YES;
				GCC_WARN_UNINITIALIZED_AUTOS = YES_AGGRESSIVE;
				GCC_WARN_UNUSED_FUNCTION = YES;
				GCC_WARN_UNUSED_VARIABLE = YES;
				IPHONEOS_DEPLOYMENT_TARGET = 13.5;
				MTL_ENABLE_DEBUG_INFO = INCLUDE_SOURCE;
				MTL_FAST_MATH = YES;
				ONLY_ACTIVE_ARCH = YES;
				SDKROOT = iphoneos;
			};
			name = Debug;
		};
		AD3EA3DB24BC5CCF008BECCC /* Release */ = {
			isa = XCBuildConfiguration;
			buildSettings = {
				ALWAYS_SEARCH_USER_PATHS = NO;
				CLANG_ANALYZER_NONNULL = YES;
				CLANG_ANALYZER_NUMBER_OBJECT_CONVERSION = YES_AGGRESSIVE;
				CLANG_CXX_LANGUAGE_STANDARD = "gnu++14";
				CLANG_CXX_LIBRARY = "libc++";
				CLANG_ENABLE_MODULES = YES;
				CLANG_ENABLE_OBJC_ARC = YES;
				CLANG_ENABLE_OBJC_WEAK = YES;
				CLANG_WARN_BLOCK_CAPTURE_AUTORELEASING = YES;
				CLANG_WARN_BOOL_CONVERSION = YES;
				CLANG_WARN_COMMA = YES;
				CLANG_WARN_CONSTANT_CONVERSION = YES;
				CLANG_WARN_DEPRECATED_OBJC_IMPLEMENTATIONS = YES;
				CLANG_WARN_DIRECT_OBJC_ISA_USAGE = YES_ERROR;
				CLANG_WARN_DOCUMENTATION_COMMENTS = YES;
				CLANG_WARN_EMPTY_BODY = YES;
				CLANG_WARN_ENUM_CONVERSION = YES;
				CLANG_WARN_INFINITE_RECURSION = YES;
				CLANG_WARN_INT_CONVERSION = YES;
				CLANG_WARN_NON_LITERAL_NULL_CONVERSION = YES;
				CLANG_WARN_OBJC_IMPLICIT_RETAIN_SELF = YES;
				CLANG_WARN_OBJC_LITERAL_CONVERSION = YES;
				CLANG_WARN_OBJC_ROOT_CLASS = YES_ERROR;
				CLANG_WARN_RANGE_LOOP_ANALYSIS = YES;
				CLANG_WARN_STRICT_PROTOTYPES = YES;
				CLANG_WARN_SUSPICIOUS_MOVE = YES;
				CLANG_WARN_UNGUARDED_AVAILABILITY = YES_AGGRESSIVE;
				CLANG_WARN_UNREACHABLE_CODE = YES;
				CLANG_WARN__DUPLICATE_METHOD_MATCH = YES;
				COPY_PHASE_STRIP = NO;
				DEBUG_INFORMATION_FORMAT = "dwarf-with-dsym";
				ENABLE_NS_ASSERTIONS = NO;
				ENABLE_STRICT_OBJC_MSGSEND = YES;
				GCC_C_LANGUAGE_STANDARD = gnu11;
				GCC_NO_COMMON_BLOCKS = YES;
				GCC_WARN_64_TO_32_BIT_CONVERSION = YES;
				GCC_WARN_ABOUT_RETURN_TYPE = YES_ERROR;
				GCC_WARN_UNDECLARED_SELECTOR = YES;
				GCC_WARN_UNINITIALIZED_AUTOS = YES_AGGRESSIVE;
				GCC_WARN_UNUSED_FUNCTION = YES;
				GCC_WARN_UNUSED_VARIABLE = YES;
				IPHONEOS_DEPLOYMENT_TARGET = 13.5;
				MTL_ENABLE_DEBUG_INFO = NO;
				MTL_FAST_MATH = YES;
				SDKROOT = iphoneos;
				VALIDATE_PRODUCT = YES;
			};
			name = Release;
		};
		AD3EA3DD24BC5CCF008BECCC /* Debug */ = {
			isa = XCBuildConfiguration;
			buildSettings = {
				ASSETCATALOG_COMPILER_APPICON_NAME = AppIcon;
				CODE_SIGN_STYLE = Automatic;
				DEVELOPMENT_TEAM = 3BCAF5M7TY;
				INFOPLIST_FILE = Runloop/Info.plist;
				LD_RUNPATH_SEARCH_PATHS = (
					"$(inherited)",
					"@executable_path/Frameworks",
				);
				PRODUCT_BUNDLE_IDENTIFIER = com.zzh.Runloop;
				PRODUCT_NAME = "$(TARGET_NAME)";
				TARGETED_DEVICE_FAMILY = "1,2";
			};
			name = Debug;
		};
		AD3EA3DE24BC5CCF008BECCC /* Release */ = {
			isa = XCBuildConfiguration;
			buildSettings = {
				ASSETCATALOG_COMPILER_APPICON_NAME = AppIcon;
				CODE_SIGN_STYLE = Automatic;
				DEVELOPMENT_TEAM = 3BCAF5M7TY;
				INFOPLIST_FILE = Runloop/Info.plist;
				LD_RUNPATH_SEARCH_PATHS = (
					"$(inherited)",
					"@executable_path/Frameworks",
				);
				PRODUCT_BUNDLE_IDENTIFIER = com.zzh.Runloop;
				PRODUCT_NAME = "$(TARGET_NAME)";
				TARGETED_DEVICE_FAMILY = "1,2";
			};
			name = Release;
		};
/* End XCBuildConfiguration section */

/* Begin XCConfigurationList section */
		AD3EA3BE24BC5CCE008BECCC /* Build configuration list for PBXProject "Runloop" */ = {
			isa = XCConfigurationList;
			buildConfigurations = (
				AD3EA3DA24BC5CCF008BECCC /* Debug */,
				AD3EA3DB24BC5CCF008BECCC /* Release */,
			);
			defaultConfigurationIsVisible = 0;
			defaultConfigurationName = Release;
		};
		AD3EA3DC24BC5CCF008BECCC /* Build configuration list for PBXNativeTarget "Runloop" */ = {
			isa = XCConfigurationList;
			buildConfigurations = (
				AD3EA3DD24BC5CCF008BECCC /* Debug */,
				AD3EA3DE24BC5CCF008BECCC /* Release */,
			);
			defaultConfigurationIsVisible = 0;
			defaultConfigurationName = Release;
		};
/* End XCConfigurationList section */
	};
	rootObject = AD3EA3BB24BC5CCE008BECCC /* Project object */;
}
