// !$*UTF8*$!
{
	archiveVersion = 1;
	classes = {
	};
	objectVersion = 50;
	objects = {

/* Begin PBXBuildFile section */
		AD3EA58624C04531008BECCC /* AppDelegate.m in Sources */ = {isa = PBXBuildFile; fileRef = AD3EA58524C04531008BECCC /* AppDelegate.m */; };
		AD3EA58924C04531008BECCC /* SceneDelegate.m in Sources */ = {isa = PBXBuildFile; fileRef = AD3EA58824C04531008BECCC /* SceneDelegate.m */; };
		AD3EA58C24C04531008BECCC /* ViewController.m in Sources */ = {isa = PBXBuildFile; fileRef = AD3EA58B24C04531008BECCC /* ViewController.m */; };
		AD3EA58F24C04531008BECCC /* Main.storyboard in Resources */ = {isa = PBXBuildFile; fileRef = AD3EA58D24C04531008BECCC /* Main.storyboard */; };
		AD3EA59124C04533008BECCC /* Assets.xcassets in Resources */ = {isa = PBXBuildFile; fileRef = AD3EA59024C04533008BECCC /* Assets.xcassets */; };
		AD3EA59424C04533008BECCC /* LaunchScreen.storyboard in Resources */ = {isa = PBXBuildFile; fileRef = AD3EA59224C04533008BECCC /* LaunchScreen.storyboard */; };
		AD3EA59724C04533008BECCC /* main.m in Sources */ = {isa = PBXBuildFile; fileRef = AD3EA59624C04533008BECCC /* main.m */; };
		AD40D93C24C1A29F007EEAFF /* LockBaseDemo.m in Sources */ = {isa = PBXBuildFile; fileRef = AD40D93B24C1A29F007EEAFF /* LockBaseDemo.m */; };
		AD40D93F24C1A3C5007EEAFF /* OSSpinLockDemo.m in Sources */ = {isa = PBXBuildFile; fileRef = AD40D93E24C1A3C5007EEAFF /* OSSpinLockDemo.m */; };
		AD40D94424C1AA70007EEAFF /* OSUnfairLockDemo.m in Sources */ = {isa = PBXBuildFile; fileRef = AD40D94324C1AA70007EEAFF /* OSUnfairLockDemo.m */; };
		AD40D94724C1B0C4007EEAFF /* PthreadMutexLockDemo.m in Sources */ = {isa = PBXBuildFile; fileRef = AD40D94624C1B0C4007EEAFF /* PthreadMutexLockDemo.m */; };
		AD4FD08724C53CEC00D9A809 /* SynchronizeDemo.m in Sources */ = {isa = PBXBuildFile; fileRef = AD4FD08624C53CEC00D9A809 /* SynchronizeDemo.m */; };
		AD4FD08A24C5421000D9A809 /* AtomicDemo.m in Sources */ = {isa = PBXBuildFile; fileRef = AD4FD08924C5421000D9A809 /* AtomicDemo.m */; };
		AD4FD08D24C54AC900D9A809 /* PthreadRwlockDemo.m in Sources */ = {isa = PBXBuildFile; fileRef = AD4FD08C24C54AC900D9A809 /* PthreadRwlockDemo.m */; };
		AD4FD09024C54FAF00D9A809 /* DispatchBarrierDemo.m in Sources */ = {isa = PBXBuildFile; fileRef = AD4FD08F24C54FAF00D9A809 /* DispatchBarrierDemo.m */; };
/* End PBXBuildFile section */

/* Begin PBXFileReference section */
		AD3EA58124C04531008BECCC /* Thread.app */ = {isa = PBXFileReference; explicitFileType = wrapper.application; includeInIndex = 0; path = Thread.app; sourceTree = BUILT_PRODUCTS_DIR; };
		AD3EA58424C04531008BECCC /* AppDelegate.h */ = {isa = PBXFileReference; lastKnownFileType = sourcecode.c.h; path = AppDelegate.h; sourceTree = "<group>"; };
		AD3EA58524C04531008BECCC /* AppDelegate.m */ = {isa = PBXFileReference; lastKnownFileType = sourcecode.c.objc; path = AppDelegate.m; sourceTree = "<group>"; };
		AD3EA58724C04531008BECCC /* SceneDelegate.h */ = {isa = PBXFileReference; lastKnownFileType = sourcecode.c.h; path = SceneDelegate.h; sourceTree = "<group>"; };
		AD3EA58824C04531008BECCC /* SceneDelegate.m */ = {isa = PBXFileReference; lastKnownFileType = sourcecode.c.objc; path = SceneDelegate.m; sourceTree = "<group>"; };
		AD3EA58A24C04531008BECCC /* ViewController.h */ = {isa = PBXFileReference; lastKnownFileType = sourcecode.c.h; path = ViewController.h; sourceTree = "<group>"; };
		AD3EA58B24C04531008BECCC /* ViewController.m */ = {isa = PBXFileReference; lastKnownFileType = sourcecode.c.objc; path = ViewController.m; sourceTree = "<group>"; };
		AD3EA58E24C04531008BECCC /* Base */ = {isa = PBXFileReference; lastKnownFileType = file.storyboard; name = Base; path = Base.lproj/Main.storyboard; sourceTree = "<group>"; };
		AD3EA59024C04533008BECCC /* Assets.xcassets */ = {isa = PBXFileReference; lastKnownFileType = folder.assetcatalog; path = Assets.xcassets; sourceTree = "<group>"; };
		AD3EA59324C04533008BECCC /* Base */ = {isa = PBXFileReference; lastKnownFileType = file.storyboard; name = Base; path = Base.lproj/LaunchScreen.storyboard; sourceTree = "<group>"; };
		AD3EA59524C04533008BECCC /* Info.plist */ = {isa = PBXFileReference; lastKnownFileType = text.plist.xml; path = Info.plist; sourceTree = "<group>"; };
		AD3EA59624C04533008BECCC /* main.m */ = {isa = PBXFileReference; lastKnownFileType = sourcecode.c.objc; path = main.m; sourceTree = "<group>"; };
		AD40D93A24C1A29F007EEAFF /* LockBaseDemo.h */ = {isa = PBXFileReference; lastKnownFileType = sourcecode.c.h; path = LockBaseDemo.h; sourceTree = "<group>"; };
		AD40D93B24C1A29F007EEAFF /* LockBaseDemo.m */ = {isa = PBXFileReference; lastKnownFileType = sourcecode.c.objc; path = LockBaseDemo.m; sourceTree = "<group>"; };
		AD40D93D24C1A3C5007EEAFF /* OSSpinLockDemo.h */ = {isa = PBXFileReference; lastKnownFileType = sourcecode.c.h; path = OSSpinLockDemo.h; sourceTree = "<group>"; };
		AD40D93E24C1A3C5007EEAFF /* OSSpinLockDemo.m */ = {isa = PBXFileReference; lastKnownFileType = sourcecode.c.objc; path = OSSpinLockDemo.m; sourceTree = "<group>"; };
		AD40D94024C1A781007EEAFF /* ViewController.cpp */ = {isa = PBXFileReference; lastKnownFileType = sourcecode.cpp.cpp; path = ViewController.cpp; sourceTree = "<group>"; };
		AD40D94124C1A792007EEAFF /* main.cpp */ = {isa = PBXFileReference; lastKnownFileType = sourcecode.cpp.cpp; path = main.cpp; sourceTree = "<group>"; };
		AD40D94224C1AA70007EEAFF /* OSUnfairLockDemo.h */ = {isa = PBXFileReference; lastKnownFileType = sourcecode.c.h; path = OSUnfairLockDemo.h; sourceTree = "<group>"; };
		AD40D94324C1AA70007EEAFF /* OSUnfairLockDemo.m */ = {isa = PBXFileReference; lastKnownFileType = sourcecode.c.objc; path = OSUnfairLockDemo.m; sourceTree = "<group>"; };
		AD40D94524C1B0C4007EEAFF /* PthreadMutexLockDemo.h */ = {isa = PBXFileReference; lastKnownFileType = sourcecode.c.h; path = PthreadMutexLockDemo.h; sourceTree = "<group>"; };
		AD40D94624C1B0C4007EEAFF /* PthreadMutexLockDemo.m */ = {isa = PBXFileReference; lastKnownFileType = sourcecode.c.objc; path = PthreadMutexLockDemo.m; sourceTree = "<group>"; };
		AD4FD08524C53CEC00D9A809 /* SynchronizeDemo.h */ = {isa = PBXFileReference; lastKnownFileType = sourcecode.c.h; path = SynchronizeDemo.h; sourceTree = "<group>"; };
		AD4FD08624C53CEC00D9A809 /* SynchronizeDemo.m */ = {isa = PBXFileReference; lastKnownFileType = sourcecode.c.objc; path = SynchronizeDemo.m; sourceTree = "<group>"; };
		AD4FD08824C5421000D9A809 /* AtomicDemo.h */ = {isa = PBXFileReference; lastKnownFileType = sourcecode.c.h; path = AtomicDemo.h; sourceTree = "<group>"; };
		AD4FD08924C5421000D9A809 /* AtomicDemo.m */ = {isa = PBXFileReference; lastKnownFileType = sourcecode.c.objc; path = AtomicDemo.m; sourceTree = "<group>"; };
		AD4FD08B24C54AC900D9A809 /* PthreadRwlockDemo.h */ = {isa = PBXFileReference; lastKnownFileType = sourcecode.c.h; path = PthreadRwlockDemo.h; sourceTree = "<group>"; };
		AD4FD08C24C54AC900D9A809 /* PthreadRwlockDemo.m */ = {isa = PBXFileReference; lastKnownFileType = sourcecode.c.objc; path = PthreadRwlockDemo.m; sourceTree = "<group>"; };
		AD4FD08E24C54FAF00D9A809 /* DispatchBarrierDemo.h */ = {isa = PBXFileReference; lastKnownFileType = sourcecode.c.h; path = DispatchBarrierDemo.h; sourceTree = "<group>"; };
		AD4FD08F24C54FAF00D9A809 /* DispatchBarrierDemo.m */ = {isa = PBXFileReference; lastKnownFileType = sourcecode.c.objc; path = DispatchBarrierDemo.m; sourceTree = "<group>"; };
/* End PBXFileReference section */

/* Begin PBXFrameworksBuildPhase section */
		AD3EA57E24C04531008BECCC /* Frameworks */ = {
			isa = PBXFrameworksBuildPhase;
			buildActionMask = 2147483647;
			files = (
			);
			runOnlyForDeploymentPostprocessing = 0;
		};
/* End PBXFrameworksBuildPhase section */

/* Begin PBXGroup section */
		AD3EA57824C04531008BECCC = {
			isa = PBXGroup;
			children = (
				AD3EA58324C04531008BECCC /* Thread */,
				AD3EA58224C04531008BECCC /* Products */,
			);
			sourceTree = "<group>";
		};
		AD3EA58224C04531008BECCC /* Products */ = {
			isa = PBXGroup;
			children = (
				AD3EA58124C04531008BECCC /* Thread.app */,
			);
			name = Products;
			sourceTree = "<group>";
		};
		AD3EA58324C04531008BECCC /* Thread */ = {
			isa = PBXGroup;
			children = (
				AD40D94124C1A792007EEAFF /* main.cpp */,
				AD40D94024C1A781007EEAFF /* ViewController.cpp */,
				AD3EA58424C04531008BECCC /* AppDelegate.h */,
				AD3EA58524C04531008BECCC /* AppDelegate.m */,
				AD3EA58724C04531008BECCC /* SceneDelegate.h */,
				AD3EA58824C04531008BECCC /* SceneDelegate.m */,
				AD3EA58A24C04531008BECCC /* ViewController.h */,
				AD3EA58B24C04531008BECCC /* ViewController.m */,
				AD40D93A24C1A29F007EEAFF /* LockBaseDemo.h */,
				AD40D93B24C1A29F007EEAFF /* LockBaseDemo.m */,
				AD40D93D24C1A3C5007EEAFF /* OSSpinLockDemo.h */,
				AD40D93E24C1A3C5007EEAFF /* OSSpinLockDemo.m */,
				AD40D94224C1AA70007EEAFF /* OSUnfairLockDemo.h */,
				AD40D94324C1AA70007EEAFF /* OSUnfairLockDemo.m */,
				AD40D94524C1B0C4007EEAFF /* PthreadMutexLockDemo.h */,
				AD40D94624C1B0C4007EEAFF /* PthreadMutexLockDemo.m */,
				AD4FD08524C53CEC00D9A809 /* SynchronizeDemo.h */,
				AD4FD08624C53CEC00D9A809 /* SynchronizeDemo.m */,
				AD4FD08824C5421000D9A809 /* AtomicDemo.h */,
				AD4FD08924C5421000D9A809 /* AtomicDemo.m */,
				AD4FD08B24C54AC900D9A809 /* PthreadRwlockDemo.h */,
				AD4FD08C24C54AC900D9A809 /* PthreadRwlockDemo.m */,
				AD4FD08E24C54FAF00D9A809 /* DispatchBarrierDemo.h */,
				AD4FD08F24C54FAF00D9A809 /* DispatchBarrierDemo.m */,
				AD3EA58D24C04531008BECCC /* Main.storyboard */,
				AD3EA59024C04533008BECCC /* Assets.xcassets */,
				AD3EA59224C04533008BECCC /* LaunchScreen.storyboard */,
				AD3EA59524C04533008BECCC /* Info.plist */,
				AD3EA59624C04533008BECCC /* main.m */,
			);
			path = Thread;
			sourceTree = "<group>";
		};
/* End PBXGroup section */

/* Begin PBXNativeTarget section */
		AD3EA58024C04531008BECCC /* Thread */ = {
			isa = PBXNativeTarget;
			buildConfigurationList = AD3EA59A24C04533008BECCC /* Build configuration list for PBXNativeTarget "Thread" */;
			buildPhases = (
				AD3EA57D24C04531008BECCC /* Sources */,
				AD3EA57E24C04531008BECCC /* Frameworks */,
				AD3EA57F24C04531008BECCC /* Resources */,
			);
			buildRules = (
			);
			dependencies = (
			);
			name = Thread;
			productName = Thread;
			productReference = AD3EA58124C04531008BECCC /* Thread.app */;
			productType = "com.apple.product-type.application";
		};
/* End PBXNativeTarget section */

/* Begin PBXProject section */
		AD3EA57924C04531008BECCC /* Project object */ = {
			isa = PBXProject;
			attributes = {
				LastUpgradeCheck = 1150;
				ORGANIZATIONNAME = zzh;
				TargetAttributes = {
					AD3EA58024C04531008BECCC = {
						CreatedOnToolsVersion = 11.5;
					};
				};
			};
			buildConfigurationList = AD3EA57C24C04531008BECCC /* Build configuration list for PBXProject "Thread" */;
			compatibilityVersion = "Xcode 9.3";
			developmentRegion = en;
			hasScannedForEncodings = 0;
			knownRegions = (
				en,
				Base,
			);
			mainGroup = AD3EA57824C04531008BECCC;
			productRefGroup = AD3EA58224C04531008BECCC /* Products */;
			projectDirPath = "";
			projectRoot = "";
			targets = (
				AD3EA58024C04531008BECCC /* Thread */,
			);
		};
/* End PBXProject section */

/* Begin PBXResourcesBuildPhase section */
		AD3EA57F24C04531008BECCC /* Resources */ = {
			isa = PBXResourcesBuildPhase;
			buildActionMask = 2147483647;
			files = (
				AD3EA59424C04533008BECCC /* LaunchScreen.storyboard in Resources */,
				AD3EA59124C04533008BECCC /* Assets.xcassets in Resources */,
				AD3EA58F24C04531008BECCC /* Main.storyboard in Resources */,
			);
			runOnlyForDeploymentPostprocessing = 0;
		};
/* End PBXResourcesBuildPhase section */

/* Begin PBXSourcesBuildPhase section */
		AD3EA57D24C04531008BECCC /* Sources */ = {
			isa = PBXSourcesBuildPhase;
			buildActionMask = 2147483647;
			files = (
				AD4FD09024C54FAF00D9A809 /* DispatchBarrierDemo.m in Sources */,
				AD40D94424C1AA70007EEAFF /* OSUnfairLockDemo.m in Sources */,
				AD3EA58C24C04531008BECCC /* ViewController.m in Sources */,
				AD40D94724C1B0C4007EEAFF /* PthreadMutexLockDemo.m in Sources */,
				AD40D93C24C1A29F007EEAFF /* LockBaseDemo.m in Sources */,
				AD3EA58624C04531008BECCC /* AppDelegate.m in Sources */,
				AD4FD08D24C54AC900D9A809 /* PthreadRwlockDemo.m in Sources */,
				AD3EA59724C04533008BECCC /* main.m in Sources */,
				AD3EA58924C04531008BECCC /* SceneDelegate.m in Sources */,
				AD4FD08724C53CEC00D9A809 /* SynchronizeDemo.m in Sources */,
				AD40D93F24C1A3C5007EEAFF /* OSSpinLockDemo.m in Sources */,
				AD4FD08A24C5421000D9A809 /* AtomicDemo.m in Sources */,
			);
			runOnlyForDeploymentPostprocessing = 0;
		};
/* End PBXSourcesBuildPhase section */

/* Begin PBXVariantGroup section */
		AD3EA58D24C04531008BECCC /* Main.storyboard */ = {
			isa = PBXVariantGroup;
			children = (
				AD3EA58E24C04531008BECCC /* Base */,
			);
			name = Main.storyboard;
			sourceTree = "<group>";
		};
		AD3EA59224C04533008BECCC /* LaunchScreen.storyboard */ = {
			isa = PBXVariantGroup;
			children = (
				AD3EA59324C04533008BECCC /* Base */,
			);
			name = LaunchScreen.storyboard;
			sourceTree = "<group>";
		};
/* End PBXVariantGroup section */

/* Begin XCBuildConfiguration section */
		AD3EA59824C04533008BECCC /* Debug */ = {
			isa = XCBuildConfiguration;
			buildSettings = {
				ALWAYS_SEARCH_USER_PATHS = NO;
				CLANG_ANALYZER_NONNULL = YES;
				CLANG_ANALYZER_NUMBER_OBJECT_CONVERSION = YES_AGGRESSIVE;
				CLANG_CXX_LANGUAGE_STANDARD = "gnu++14";
				CLANG_CXX_LIBRARY = "libc++";
				CLANG_ENABLE_MODULES = YES;
				CLANG_ENABLE_OBJC_ARC = YES;
				CLANG_ENABLE_OBJC_WEAK = YES;
				CLANG_WARN_BLOCK_CAPTURE_AUTORELEASING = YES;
				CLANG_WARN_BOOL_CONVERSION = YES;
				CLANG_WARN_COMMA = YES;
				CLANG_WARN_CONSTANT_CONVERSION = YES;
				CLANG_WARN_DEPRECATED_OBJC_IMPLEMENTATIONS = YES;
				CLANG_WARN_DIRECT_OBJC_ISA_USAGE = YES_ERROR;
				CLANG_WARN_DOCUMENTATION_COMMENTS = YES;
				CLANG_WARN_EMPTY_BODY = YES;
				CLANG_WARN_ENUM_CONVERSION = YES;
				CLANG_WARN_INFINITE_RECURSION = YES;
				CLANG_WARN_INT_CONVERSION = YES;
				CLANG_WARN_NON_LITERAL_NULL_CONVERSION = YES;
				CLANG_WARN_OBJC_IMPLICIT_RETAIN_SELF = YES;
				CLANG_WARN_OBJC_LITERAL_CONVERSION = YES;
				CLANG_WARN_OBJC_ROOT_CLASS = YES_ERROR;
				CLANG_WARN_RANGE_LOOP_ANALYSIS = YES;
				CLANG_WARN_STRICT_PROTOTYPES = YES;
				CLANG_WARN_SUSPICIOUS_MOVE = YES;
				CLANG_WARN_UNGUARDED_AVAILABILITY = YES_AGGRESSIVE;
				CLANG_WARN_UNREACHABLE_CODE = YES;
				CLANG_WARN__DUPLICATE_METHOD_MATCH = YES;
				COPY_PHASE_STRIP = NO;
				DEBUG_INFORMATION_FORMAT = dwarf;
				ENABLE_STRICT_OBJC_MSGSEND = YES;
				ENABLE_TESTABILITY = YES;
				GCC_C_LANGUAGE_STANDARD = gnu11;
				GCC_DYNAMIC_NO_PIC = NO;
				GCC_NO_COMMON_BLOCKS = YES;
				GCC_OPTIMIZATION_LEVEL = 0;
				GCC_PREPROCESSOR_DEFINITIONS = (
					"DEBUG=1",
					"$(inherited)",
				);
				GCC_WARN_64_TO_32_BIT_CONVERSION = YES;
				GCC_WARN_ABOUT_RETURN_TYPE = YES_ERROR;
				GCC_WARN_UNDECLARED_SELECTOR = YES;
				GCC_WARN_UNINITIALIZED_AUTOS = YES_AGGRESSIVE;
				GCC_WARN_UNUSED_FUNCTION = YES;
				GCC_WARN_UNUSED_VARIABLE = YES;
				IPHONEOS_DEPLOYMENT_TARGET = 13.5;
				MTL_ENABLE_DEBUG_INFO = INCLUDE_SOURCE;
				MTL_FAST_MATH = YES;
				ONLY_ACTIVE_ARCH = YES;
				SDKROOT = iphoneos;
			};
			name = Debug;
		};
		AD3EA59924C04533008BECCC /* Release */ = {
			isa = XCBuildConfiguration;
			buildSettings = {
				ALWAYS_SEARCH_USER_PATHS = NO;
				CLANG_ANALYZER_NONNULL = YES;
				CLANG_ANALYZER_NUMBER_OBJECT_CONVERSION = YES_AGGRESSIVE;
				CLANG_CXX_LANGUAGE_STANDARD = "gnu++14";
				CLANG_CXX_LIBRARY = "libc++";
				CLANG_ENABLE_MODULES = YES;
				CLANG_ENABLE_OBJC_ARC = YES;
				CLANG_ENABLE_OBJC_WEAK = YES;
				CLANG_WARN_BLOCK_CAPTURE_AUTORELEASING = YES;
				CLANG_WARN_BOOL_CONVERSION = YES;
				CLANG_WARN_COMMA = YES;
				CLANG_WARN_CONSTANT_CONVERSION = YES;
				CLANG_WARN_DEPRECATED_OBJC_IMPLEMENTATIONS = YES;
				CLANG_WARN_DIRECT_OBJC_ISA_USAGE = YES_ERROR;
				CLANG_WARN_DOCUMENTATION_COMMENTS = YES;
				CLANG_WARN_EMPTY_BODY = YES;
				CLANG_WARN_ENUM_CONVERSION = YES;
				CLANG_WARN_INFINITE_RECURSION = YES;
				CLANG_WARN_INT_CONVERSION = YES;
				CLANG_WARN_NON_LITERAL_NULL_CONVERSION = YES;
				CLANG_WARN_OBJC_IMPLICIT_RETAIN_SELF = YES;
				CLANG_WARN_OBJC_LITERAL_CONVERSION = YES;
				CLANG_WARN_OBJC_ROOT_CLASS = YES_ERROR;
				CLANG_WARN_RANGE_LOOP_ANALYSIS = YES;
				CLANG_WARN_STRICT_PROTOTYPES = YES;
				CLANG_WARN_SUSPICIOUS_MOVE = YES;
				CLANG_WARN_UNGUARDED_AVAILABILITY = YES_AGGRESSIVE;
				CLANG_WARN_UNREACHABLE_CODE = YES;
				CLANG_WARN__DUPLICATE_METHOD_MATCH = YES;
				COPY_PHASE_STRIP = NO;
				DEBUG_INFORMATION_FORMAT = "dwarf-with-dsym";
				ENABLE_NS_ASSERTIONS = NO;
				ENABLE_STRICT_OBJC_MSGSEND = YES;
				GCC_C_LANGUAGE_STANDARD = gnu11;
				GCC_NO_COMMON_BLOCKS = YES;
				GCC_WARN_64_TO_32_BIT_CONVERSION = YES;
				GCC_WARN_ABOUT_RETURN_TYPE = YES_ERROR;
				GCC_WARN_UNDECLARED_SELECTOR = YES;
				GCC_WARN_UNINITIALIZED_AUTOS = YES_AGGRESSIVE;
				GCC_WARN_UNUSED_FUNCTION = YES;
				GCC_WARN_UNUSED_VARIABLE = YES;
				IPHONEOS_DEPLOYMENT_TARGET = 13.5;
				MTL_ENABLE_DEBUG_INFO = NO;
				MTL_FAST_MATH = YES;
				SDKROOT = iphoneos;
				VALIDATE_PRODUCT = YES;
			};
			name = Release;
		};
		AD3EA59B24C04533008BECCC /* Debug */ = {
			isa = XCBuildConfiguration;
			buildSettings = {
				ASSETCATALOG_COMPILER_APPICON_NAME = AppIcon;
				CODE_SIGN_STYLE = Automatic;
				DEVELOPMENT_TEAM = 3BCAF5M7TY;
				INFOPLIST_FILE = Thread/Info.plist;
				LD_RUNPATH_SEARCH_PATHS = (
					"$(inherited)",
					"@executable_path/Frameworks",
				);
				PRODUCT_BUNDLE_IDENTIFIER = com.zzh.Thread;
				PRODUCT_NAME = "$(TARGET_NAME)";
				TARGETED_DEVICE_FAMILY = "1,2";
			};
			name = Debug;
		};
		AD3EA59C24C04533008BECCC /* Release */ = {
			isa = XCBuildConfiguration;
			buildSettings = {
				ASSETCATALOG_COMPILER_APPICON_NAME = AppIcon;
				CODE_SIGN_STYLE = Automatic;
				DEVELOPMENT_TEAM = 3BCAF5M7TY;
				INFOPLIST_FILE = Thread/Info.plist;
				LD_RUNPATH_SEARCH_PATHS = (
					"$(inherited)",
					"@executable_path/Frameworks",
				);
				PRODUCT_BUNDLE_IDENTIFIER = com.zzh.Thread;
				PRODUCT_NAME = "$(TARGET_NAME)";
				TARGETED_DEVICE_FAMILY = "1,2";
			};
			name = Release;
		};
/* End XCBuildConfiguration section */

/* Begin XCConfigurationList section */
		AD3EA57C24C04531008BECCC /* Build configuration list for PBXProject "Thread" */ = {
			isa = XCConfigurationList;
			buildConfigurations = (
				AD3EA59824C04533008BECCC /* Debug */,
				AD3EA59924C04533008BECCC /* Release */,
			);
			defaultConfigurationIsVisible = 0;
			defaultConfigurationName = Release;
		};
		AD3EA59A24C04533008BECCC /* Build configuration list for PBXNativeTarget "Thread" */ = {
			isa = XCConfigurationList;
			buildConfigurations = (
				AD3EA59B24C04533008BECCC /* Debug */,
				AD3EA59C24C04533008BECCC /* Release */,
			);
			defaultConfigurationIsVisible = 0;
			defaultConfigurationName = Release;
		};
/* End XCConfigurationList section */
	};
	rootObject = AD3EA57924C04531008BECCC /* Project object */;
}
